
Microsoft Visual Studio Solution File, Format Version 12.00
# Visual Studio Version 17
VisualStudioVersion = 17.11.35327.3
MinimumVisualStudioVersion = 10.0.40219.1
Project("{FAE04EC0-301F-11D3-BF4B-00C04F79EFBC}") = "CaseStudyExample", "CaseStudyExample\CaseStudyExample.csproj", "{9521DE2A-A863-4AF8-AB7B-43D1C6B2DEDB}"
EndProject
Global
	GlobalSection(SolutionConfigurationPlatforms) = preSolution
		Debug|Any CPU = Debug|Any CPU
		Release|Any CPU = Release|Any CPU
	EndGlobalSection
	GlobalSection(ProjectConfigurationPlatforms) = postSolution
		{9521DE2A-A863-4AF8-AB7B-43D1C6B2DEDB}.Debug|Any CPU.ActiveCfg = Debug|Any CPU
		{9521DE2A-A863-4AF8-AB7B-43D1C6B2DEDB}.Debug|Any CPU.Build.0 = Debug|Any CPU
		{9521DE2A-A863-4AF8-AB7B-43D1C6B2DEDB}.Release|Any CPU.ActiveCfg = Release|Any CPU
		{9521DE2A-A863-4AF8-AB7B-43D1C6B2DEDB}.Release|Any CPU.Build.0 = Release|Any CPU
	EndGlobalSection
	GlobalSection(SolutionProperties) = preSolution
		HideSolutionNode = FALSE
	EndGlobalSection
	GlobalSection(ExtensibilityGlobals) = postSolution
		SolutionGuid = {BB8977E5-43AC-4DCA-AA09-323B79FBBE81}
	EndGlobalSection
EndGlobal
